
Microsoft Visual Studio Solution File, Format Version 12.00
# Visual Studio 15
VisualStudioVersion = 15.0.34930.48
MinimumVisualStudioVersion = 10.0.40219.1
Project("{FAE04EC0-301F-11D3-BF4B-00C04F79EFBC}") = "Tax Calculator", "Tax Calculator\Tax Calculator.csproj", "{49715FD0-8892-411A-820F-0A5E50B8C8B6}"
EndProject
Global
	GlobalSection(SolutionConfigurationPlatforms) = preSolution
		Debug|Any CPU = Debug|Any CPU
		Release|Any CPU = Release|Any CPU
	EndGlobalSection
	GlobalSection(ProjectConfigurationPlatforms) = postSolution
		{49715FD0-8892-411A-820F-0A5E50B8C8B6}.Debug|Any CPU.ActiveCfg = Debug|Any CPU
		{49715FD0-8892-411A-820F-0A5E50B8C8B6}.Debug|Any CPU.Build.0 = Debug|Any CPU
		{49715FD0-8892-411A-820F-0A5E50B8C8B6}.Release|Any CPU.ActiveCfg = Release|Any CPU
		{49715FD0-8892-411A-820F-0A5E50B8C8B6}.Release|Any CPU.Build.0 = Release|Any CPU
	EndGlobalSection
	GlobalSection(SolutionProperties) = preSolution
		HideSolutionNode = FALSE
	EndGlobalSection
	GlobalSection(ExtensibilityGlobals) = postSolution
		SolutionGuid = {A9C5E8F2-5AEA-428E-9D60-2AFF32183A61}
	EndGlobalSection
EndGlobal
